
Microsoft Visual Studio Solution File, Format Version 12.00
# Visual Studio Version 17
VisualStudioVersion = 17.4.33103.184
MinimumVisualStudioVersion = 10.0.40219.1
Project("{FAE04EC0-301F-11D3-BF4B-00C04F79EFBC}") = "BifrostIAM.Core", "BifrostIAM.Core\BifrostIAM.Core.csproj", "{62DCDBF2-DE58-44B1-8F8B-88FC7B1A6D0C}"
EndProject
Project("{FAE04EC0-301F-11D3-BF4B-00C04F79EFBC}") = "BifrostIAM.Application", "BifrostIAM.Application\BifrostIAM.Application.csproj", "{9BE3166D-94D5-4645-8F62-D9407B61A676}"
EndProject
Project("{FAE04EC0-301F-11D3-BF4B-00C04F79EFBC}") = "BifrostIAM.Sql", "BifrostIAM.Sql\BifrostIAM.Sql.csproj", "{E5EB1E56-5C5E-41C8-9D9B-15B5B9E4738E}"
EndProject
Project("{FAE04EC0-301F-11D3-BF4B-00C04F79EFBC}") = "BifrostIAM.Infrastructure", "BifrostIAM.Infrastructure\BifrostIAM.Infrastructure.csproj", "{114997DC-B01F-46A4-8C07-B94737E3DB94}"
EndProject
Project("{FAE04EC0-301F-11D3-BF4B-00C04F79EFBC}") = "BifrostIAM.Api", "BifrostIAM.Api\BifrostIAM.Api.csproj", "{55582AB4-205F-474D-80AF-1137EB4EF307}"
EndProject
Global
	GlobalSection(SolutionConfigurationPlatforms) = preSolution
		Debug|Any CPU = Debug|Any CPU
		Release|Any CPU = Release|Any CPU
	EndGlobalSection
	GlobalSection(ProjectConfigurationPlatforms) = postSolution
		{62DCDBF2-DE58-44B1-8F8B-88FC7B1A6D0C}.Debug|Any CPU.ActiveCfg = Debug|Any CPU
		{62DCDBF2-DE58-44B1-8F8B-88FC7B1A6D0C}.Debug|Any CPU.Build.0 = Debug|Any CPU
		{62DCDBF2-DE58-44B1-8F8B-88FC7B1A6D0C}.Release|Any CPU.ActiveCfg = Release|Any CPU
		{62DCDBF2-DE58-44B1-8F8B-88FC7B1A6D0C}.Release|Any CPU.Build.0 = Release|Any CPU
		{9BE3166D-94D5-4645-8F62-D9407B61A676}.Debug|Any CPU.ActiveCfg = Debug|Any CPU
		{9BE3166D-94D5-4645-8F62-D9407B61A676}.Debug|Any CPU.Build.0 = Debug|Any CPU
		{9BE3166D-94D5-4645-8F62-D9407B61A676}.Release|Any CPU.ActiveCfg = Release|Any CPU
		{9BE3166D-94D5-4645-8F62-D9407B61A676}.Release|Any CPU.Build.0 = Release|Any CPU
		{E5EB1E56-5C5E-41C8-9D9B-15B5B9E4738E}.Debug|Any CPU.ActiveCfg = Debug|Any CPU
		{E5EB1E56-5C5E-41C8-9D9B-15B5B9E4738E}.Debug|Any CPU.Build.0 = Debug|Any CPU
		{E5EB1E56-5C5E-41C8-9D9B-15B5B9E4738E}.Release|Any CPU.ActiveCfg = Release|Any CPU
		{E5EB1E56-5C5E-41C8-9D9B-15B5B9E4738E}.Release|Any CPU.Build.0 = Release|Any CPU
		{114997DC-B01F-46A4-8C07-B94737E3DB94}.Debug|Any CPU.ActiveCfg = Debug|Any CPU
		{114997DC-B01F-46A4-8C07-B94737E3DB94}.Debug|Any CPU.Build.0 = Debug|Any CPU
		{114997DC-B01F-46A4-8C07-B94737E3DB94}.Release|Any CPU.ActiveCfg = Release|Any CPU
		{114997DC-B01F-46A4-8C07-B94737E3DB94}.Release|Any CPU.Build.0 = Release|Any CPU
		{55582AB4-205F-474D-80AF-1137EB4EF307}.Debug|Any CPU.ActiveCfg = Debug|Any CPU
		{55582AB4-205F-474D-80AF-1137EB4EF307}.Debug|Any CPU.Build.0 = Debug|Any CPU
		{55582AB4-205F-474D-80AF-1137EB4EF307}.Release|Any CPU.ActiveCfg = Release|Any CPU
		{55582AB4-205F-474D-80AF-1137EB4EF307}.Release|Any CPU.Build.0 = Release|Any CPU
	EndGlobalSection
	GlobalSection(SolutionProperties) = preSolution
		HideSolutionNode = FALSE
	EndGlobalSection
	GlobalSection(ExtensibilityGlobals) = postSolution
		SolutionGuid = {3D9BC2BE-E243-4FA1-9607-03F6477E6B80}
	EndGlobalSection
EndGlobal
